// !$*UTF8*$!
{
	archiveVersion = 1;
	classes = {
	};
	objectVersion = 50;
	objects = {

/* Begin PBXBuildFile section */
		D6FEC980219DCFC900453007 /* ResultK.framework in Frameworks */ = {isa = PBXBuildFile; fileRef = D6FEC976219DCFC900453007 /* ResultK.framework */; };
		D6FEC995219DD07900453007 /* Result.swift in Sources */ = {isa = PBXBuildFile; fileRef = D6FEC992219DD07900453007 /* Result.swift */; };
		D6FEC996219DD07900453007 /* ResultK.h in Headers */ = {isa = PBXBuildFile; fileRef = D6FEC993219DD07900453007 /* ResultK.h */; settings = {ATTRIBUTES = (Public, ); }; };
		D6FEC99E219DD08200453007 /* ResultTests.swift in Sources */ = {isa = PBXBuildFile; fileRef = D6FEC99B219DD08200453007 /* ResultTests.swift */; };
/* End PBXBuildFile section */

/* Begin PBXContainerItemProxy section */
		D6FEC981219DCFC900453007 /* PBXContainerItemProxy */ = {
			isa = PBXContainerItemProxy;
			containerPortal = D6FEC96D219DCFC800453007 /* Project object */;
			proxyType = 1;
			remoteGlobalIDString = D6FEC975219DCFC900453007;
			remoteInfo = ResultK;
		};
/* End PBXContainerItemProxy section */

/* Begin PBXFileReference section */
		D6FEC976219DCFC900453007 /* ResultK.framework */ = {isa = PBXFileReference; explicitFileType = wrapper.framework; includeInIndex = 0; path = ResultK.framework; sourceTree = BUILT_PRODUCTS_DIR; };
		D6FEC97F219DCFC900453007 /* ResultKTests.xctest */ = {isa = PBXFileReference; explicitFileType = wrapper.cfbundle; includeInIndex = 0; path = ResultKTests.xctest; sourceTree = BUILT_PRODUCTS_DIR; };
		D6FEC992219DD07900453007 /* Result.swift */ = {isa = PBXFileReference; fileEncoding = 4; lastKnownFileType = sourcecode.swift; path = Result.swift; sourceTree = "<group>"; };
		D6FEC993219DD07900453007 /* ResultK.h */ = {isa = PBXFileReference; fileEncoding = 4; lastKnownFileType = sourcecode.c.h; path = ResultK.h; sourceTree = "<group>"; };
		D6FEC994219DD07900453007 /* Info.plist */ = {isa = PBXFileReference; fileEncoding = 4; lastKnownFileType = text.plist.xml; path = Info.plist; sourceTree = "<group>"; };
		D6FEC99B219DD08200453007 /* ResultTests.swift */ = {isa = PBXFileReference; fileEncoding = 4; lastKnownFileType = sourcecode.swift; path = ResultTests.swift; sourceTree = "<group>"; };
		D6FEC99C219DD08200453007 /* Info.plist */ = {isa = PBXFileReference; fileEncoding = 4; lastKnownFileType = text.plist.xml; path = Info.plist; sourceTree = "<group>"; };
/* End PBXFileReference section */

/* Begin PBXFrameworksBuildPhase section */
		D6FEC973219DCFC900453007 /* Frameworks */ = {
			isa = PBXFrameworksBuildPhase;
			buildActionMask = 2147483647;
			files = (
			);
			runOnlyForDeploymentPostprocessing = 0;
		};
		D6FEC97C219DCFC900453007 /* Frameworks */ = {
			isa = PBXFrameworksBuildPhase;
			buildActionMask = 2147483647;
			files = (
				D6FEC980219DCFC900453007 /* ResultK.framework in Frameworks */,
			);
			runOnlyForDeploymentPostprocessing = 0;
		};
/* End PBXFrameworksBuildPhase section */

/* Begin PBXGroup section */
		D6FEC96C219DCFC800453007 = {
			isa = PBXGroup;
			children = (
				D6FEC990219DD07900453007 /* Sources */,
				D6FEC998219DD08200453007 /* Tests */,
				D6FEC977219DCFC900453007 /* Products */,
			);
			sourceTree = "<group>";
		};
		D6FEC977219DCFC900453007 /* Products */ = {
			isa = PBXGroup;
			children = (
				D6FEC976219DCFC900453007 /* ResultK.framework */,
				D6FEC97F219DCFC900453007 /* ResultKTests.xctest */,
			);
			name = Products;
			sourceTree = "<group>";
		};
		D6FEC990219DD07900453007 /* Sources */ = {
			isa = PBXGroup;
			children = (
				D6FEC991219DD07900453007 /* ResultK */,
			);
			path = Sources;
			sourceTree = "<group>";
		};
		D6FEC991219DD07900453007 /* ResultK */ = {
			isa = PBXGroup;
			children = (
				D6FEC992219DD07900453007 /* Result.swift */,
				D6FEC993219DD07900453007 /* ResultK.h */,
				D6FEC994219DD07900453007 /* Info.plist */,
			);
			path = ResultK;
			sourceTree = "<group>";
		};
		D6FEC998219DD08200453007 /* Tests */ = {
			isa = PBXGroup;
			children = (
				D6FEC99A219DD08200453007 /* ResultKTests */,
			);
			path = Tests;
			sourceTree = "<group>";
		};
		D6FEC99A219DD08200453007 /* ResultKTests */ = {
			isa = PBXGroup;
			children = (
				D6FEC99B219DD08200453007 /* ResultTests.swift */,
				D6FEC99C219DD08200453007 /* Info.plist */,
			);
			path = ResultKTests;
			sourceTree = "<group>";
		};
/* End PBXGroup section */

/* Begin PBXHeadersBuildPhase section */
		D6FEC971219DCFC900453007 /* Headers */ = {
			isa = PBXHeadersBuildPhase;
			buildActionMask = 2147483647;
			files = (
				D6FEC996219DD07900453007 /* ResultK.h in Headers */,
			);
			runOnlyForDeploymentPostprocessing = 0;
		};
/* End PBXHeadersBuildPhase section */

/* Begin PBXNativeTarget section */
		D6FEC975219DCFC900453007 /* ResultK */ = {
			isa = PBXNativeTarget;
			buildConfigurationList = D6FEC98A219DCFC900453007 /* Build configuration list for PBXNativeTarget "ResultK" */;
			buildPhases = (
				D6FEC971219DCFC900453007 /* Headers */,
				D6FEC972219DCFC900453007 /* Sources */,
				D6FEC973219DCFC900453007 /* Frameworks */,
				D6FEC974219DCFC900453007 /* Resources */,
			);
			buildRules = (
			);
			dependencies = (
			);
			name = ResultK;
			productName = ResultK;
			productReference = D6FEC976219DCFC900453007 /* ResultK.framework */;
			productType = "com.apple.product-type.framework";
		};
		D6FEC97E219DCFC900453007 /* ResultKTests */ = {
			isa = PBXNativeTarget;
			buildConfigurationList = D6FEC98D219DCFC900453007 /* Build configuration list for PBXNativeTarget "ResultKTests" */;
			buildPhases = (
				D6FEC97B219DCFC900453007 /* Sources */,
				D6FEC97C219DCFC900453007 /* Frameworks */,
				D6FEC97D219DCFC900453007 /* Resources */,
			);
			buildRules = (
			);
			dependencies = (
				D6FEC982219DCFC900453007 /* PBXTargetDependency */,
			);
			name = ResultKTests;
			productName = ResultKTests;
			productReference = D6FEC97F219DCFC900453007 /* ResultKTests.xctest */;
			productType = "com.apple.product-type.bundle.unit-test";
		};
/* End PBXNativeTarget section */

/* Begin PBXProject section */
		D6FEC96D219DCFC800453007 /* Project object */ = {
			isa = PBXProject;
			attributes = {
				LastSwiftUpdateCheck = 1010;
				LastUpgradeCheck = 1010;
				ORGANIZATIONNAME = koherent.org;
				TargetAttributes = {
					D6FEC975219DCFC900453007 = {
						CreatedOnToolsVersion = 10.1;
					};
					D6FEC97E219DCFC900453007 = {
						CreatedOnToolsVersion = 10.1;
					};
				};
			};
			buildConfigurationList = D6FEC970219DCFC800453007 /* Build configuration list for PBXProject "ResultK" */;
			compatibilityVersion = "Xcode 9.3";
			developmentRegion = en;
			hasScannedForEncodings = 0;
			knownRegions = (
				en,
			);
			mainGroup = D6FEC96C219DCFC800453007;
			productRefGroup = D6FEC977219DCFC900453007 /* Products */;
			projectDirPath = "";
			projectRoot = "";
			targets = (
				D6FEC975219DCFC900453007 /* ResultK */,
				D6FEC97E219DCFC900453007 /* ResultKTests */,
			);
		};
/* End PBXProject section */

/* Begin PBXResourcesBuildPhase section */
		D6FEC974219DCFC900453007 /* Resources */ = {
			isa = PBXResourcesBuildPhase;
			buildActionMask = 2147483647;
			files = (
			);
			runOnlyForDeploymentPostprocessing = 0;
		};
		D6FEC97D219DCFC900453007 /* Resources */ = {
			isa = PBXResourcesBuildPhase;
			buildActionMask = 2147483647;
			files = (
			);
			runOnlyForDeploymentPostprocessing = 0;
		};
/* End PBXResourcesBuildPhase section */

/* Begin PBXSourcesBuildPhase section */
		D6FEC972219DCFC900453007 /* Sources */ = {
			isa = PBXSourcesBuildPhase;
			buildActionMask = 2147483647;
			files = (
				D6FEC995219DD07900453007 /* Result.swift in Sources */,
			);
			runOnlyForDeploymentPostprocessing = 0;
		};
		D6FEC97B219DCFC900453007 /* Sources */ = {
			isa = PBXSourcesBuildPhase;
			buildActionMask = 2147483647;
			files = (
				D6FEC99E219DD08200453007 /* ResultTests.swift in Sources */,
			);
			runOnlyForDeploymentPostprocessing = 0;
		};
/* End PBXSourcesBuildPhase section */

/* Begin PBXTargetDependency section */
		D6FEC982219DCFC900453007 /* PBXTargetDependency */ = {
			isa = PBXTargetDependency;
			target = D6FEC975219DCFC900453007 /* ResultK */;
			targetProxy = D6FEC981219DCFC900453007 /* PBXContainerItemProxy */;
		};
/* End PBXTargetDependency section */

/* Begin XCBuildConfiguration section */
		D6FEC988219DCFC900453007 /* Debug */ = {
			isa = XCBuildConfiguration;
			buildSettings = {
				ALWAYS_SEARCH_USER_PATHS = NO;
				CLANG_ANALYZER_NONNULL = YES;
				CLANG_ANALYZER_NUMBER_OBJECT_CONVERSION = YES_AGGRESSIVE;
				CLANG_CXX_LANGUAGE_STANDARD = "gnu++14";
				CLANG_CXX_LIBRARY = "libc++";
				CLANG_ENABLE_MODULES = YES;
				CLANG_ENABLE_OBJC_ARC = YES;
				CLANG_ENABLE_OBJC_WEAK = YES;
				CLANG_WARN_BLOCK_CAPTURE_AUTORELEASING = YES;
				CLANG_WARN_BOOL_CONVERSION = YES;
				CLANG_WARN_COMMA = YES;
				CLANG_WARN_CONSTANT_CONVERSION = YES;
				CLANG_WARN_DEPRECATED_OBJC_IMPLEMENTATIONS = YES;
				CLANG_WARN_DIRECT_OBJC_ISA_USAGE = YES_ERROR;
				CLANG_WARN_DOCUMENTATION_COMMENTS = YES;
				CLANG_WARN_EMPTY_BODY = YES;
				CLANG_WARN_ENUM_CONVERSION = YES;
				CLANG_WARN_INFINITE_RECURSION = YES;
				CLANG_WARN_INT_CONVERSION = YES;
				CLANG_WARN_NON_LITERAL_NULL_CONVERSION = YES;
				CLANG_WARN_OBJC_IMPLICIT_RETAIN_SELF = YES;
				CLANG_WARN_OBJC_LITERAL_CONVERSION = YES;
				CLANG_WARN_OBJC_ROOT_CLASS = YES_ERROR;
				CLANG_WARN_RANGE_LOOP_ANALYSIS = YES;
				CLANG_WARN_STRICT_PROTOTYPES = YES;
				CLANG_WARN_SUSPICIOUS_MOVE = YES;
				CLANG_WARN_UNGUARDED_AVAILABILITY = YES_AGGRESSIVE;
				CLANG_WARN_UNREACHABLE_CODE = YES;
				CLANG_WARN__DUPLICATE_METHOD_MATCH = YES;
				CODE_SIGN_IDENTITY = "iPhone Developer";
				COPY_PHASE_STRIP = NO;
				CURRENT_PROJECT_VERSION = 1;
				DEBUG_INFORMATION_FORMAT = dwarf;
				ENABLE_STRICT_OBJC_MSGSEND = YES;
				ENABLE_TESTABILITY = YES;
				GCC_C_LANGUAGE_STANDARD = gnu11;
				GCC_DYNAMIC_NO_PIC = NO;
				GCC_NO_COMMON_BLOCKS = YES;
				GCC_OPTIMIZATION_LEVEL = 0;
				GCC_PREPROCESSOR_DEFINITIONS = (
					"DEBUG=1",
					"$(inherited)",
				);
				GCC_WARN_64_TO_32_BIT_CONVERSION = YES;
				GCC_WARN_ABOUT_RETURN_TYPE = YES_ERROR;
				GCC_WARN_UNDECLARED_SELECTOR = YES;
				GCC_WARN_UNINITIALIZED_AUTOS = YES_AGGRESSIVE;
				GCC_WARN_UNUSED_FUNCTION = YES;
				GCC_WARN_UNUSED_VARIABLE = YES;
				IPHONEOS_DEPLOYMENT_TARGET = 12.1;
				MTL_ENABLE_DEBUG_INFO = INCLUDE_SOURCE;
				MTL_FAST_MATH = YES;
				ONLY_ACTIVE_ARCH = YES;
				SDKROOT = iphoneos;
				SWIFT_ACTIVE_COMPILATION_CONDITIONS = DEBUG;
				SWIFT_OPTIMIZATION_LEVEL = "-Onone";
				VERSIONING_SYSTEM = "apple-generic";
				VERSION_INFO_PREFIX = "";
			};
			name = Debug;
		};
		D6FEC989219DCFC900453007 /* Release */ = {
			isa = XCBuildConfiguration;
			buildSettings = {
				ALWAYS_SEARCH_USER_PATHS = NO;
				CLANG_ANALYZER_NONNULL = YES;
				CLANG_ANALYZER_NUMBER_OBJECT_CONVERSION = YES_AGGRESSIVE;
				CLANG_CXX_LANGUAGE_STANDARD = "gnu++14";
				CLANG_CXX_LIBRARY = "libc++";
				CLANG_ENABLE_MODULES = YES;
				CLANG_ENABLE_OBJC_ARC = YES;
				CLANG_ENABLE_OBJC_WEAK = YES;
				CLANG_WARN_BLOCK_CAPTURE_AUTORELEASING = YES;
				CLANG_WARN_BOOL_CONVERSION = YES;
				CLANG_WARN_COMMA = YES;
				CLANG_WARN_CONSTANT_CONVERSION = YES;
				CLANG_WARN_DEPRECATED_OBJC_IMPLEMENTATIONS = YES;
				CLANG_WARN_DIRECT_OBJC_ISA_USAGE = YES_ERROR;
				CLANG_WARN_DOCUMENTATION_COMMENTS = YES;
				CLANG_WARN_EMPTY_BODY = YES;
				CLANG_WARN_ENUM_CONVERSION = YES;
				CLANG_WARN_INFINITE_RECURSION = YES;
				CLANG_WARN_INT_CONVERSION = YES;
				CLANG_WARN_NON_LITERAL_NULL_CONVERSION = YES;
				CLANG_WARN_OBJC_IMPLICIT_RETAIN_SELF = YES;
				CLANG_WARN_OBJC_LITERAL_CONVERSION = YES;
				CLANG_WARN_OBJC_ROOT_CLASS = YES_ERROR;
				CLANG_WARN_RANGE_LOOP_ANALYSIS = YES;
				CLANG_WARN_STRICT_PROTOTYPES = YES;
				CLANG_WARN_SUSPICIOUS_MOVE = YES;
				CLANG_WARN_UNGUARDED_AVAILABILITY = YES_AGGRESSIVE;
				CLANG_WARN_UNREACHABLE_CODE = YES;
				CLANG_WARN__DUPLICATE_METHOD_MATCH = YES;
				CODE_SIGN_IDENTITY = "iPhone Developer";
				COPY_PHASE_STRIP = NO;
				CURRENT_PROJECT_VERSION = 1;
				DEBUG_INFORMATION_FORMAT = "dwarf-with-dsym";
				ENABLE_NS_ASSERTIONS = NO;
				ENABLE_STRICT_OBJC_MSGSEND = YES;
				GCC_C_LANGUAGE_STANDARD = gnu11;
				GCC_NO_COMMON_BLOCKS = YES;
				GCC_WARN_64_TO_32_BIT_CONVERSION = YES;
				GCC_WARN_ABOUT_RETURN_TYPE = YES_ERROR;
				GCC_WARN_UNDECLARED_SELECTOR = YES;
				GCC_WARN_UNINITIALIZED_AUTOS = YES_AGGRESSIVE;
				GCC_WARN_UNUSED_FUNCTION = YES;
				GCC_WARN_UNUSED_VARIABLE = YES;
				IPHONEOS_DEPLOYMENT_TARGET = 12.1;
				MTL_ENABLE_DEBUG_INFO = NO;
				MTL_FAST_MATH = YES;
				SDKROOT = iphoneos;
				SWIFT_COMPILATION_MODE = wholemodule;
				SWIFT_OPTIMIZATION_LEVEL = "-O";
				VALIDATE_PRODUCT = YES;
				VERSIONING_SYSTEM = "apple-generic";
				VERSION_INFO_PREFIX = "";
			};
			name = Release;
		};
		D6FEC98B219DCFC900453007 /* Debug */ = {
			isa = XCBuildConfiguration;
			buildSettings = {
				CODE_SIGN_IDENTITY = "";
				CODE_SIGN_STYLE = Automatic;
				DEFINES_MODULE = YES;
				DYLIB_COMPATIBILITY_VERSION = 1;
				DYLIB_CURRENT_VERSION = 1;
				DYLIB_INSTALL_NAME_BASE = "@rpath";
				INFOPLIST_FILE = Sources/ResultK/Info.plist;
				INSTALL_PATH = "$(LOCAL_LIBRARY_DIR)/Frameworks";
				LD_RUNPATH_SEARCH_PATHS = (
					"$(inherited)",
					"@executable_path/Frameworks",
					"@loader_path/Frameworks",
				);
				PRODUCT_BUNDLE_IDENTIFIER = org.koherent.ResultK;
				PRODUCT_NAME = "$(TARGET_NAME:c99extidentifier)";
				SKIP_INSTALL = YES;
				SWIFT_VERSION = 4.2;
				TARGETED_DEVICE_FAMILY = "1,2";
			};
			name = Debug;
		};
		D6FEC98C219DCFC900453007 /* Release */ = {
			isa = XCBuildConfiguration;
			buildSettings = {
				CODE_SIGN_IDENTITY = "";
				CODE_SIGN_STYLE = Automatic;
				DEFINES_MODULE = YES;
				DYLIB_COMPATIBILITY_VERSION = 1;
				DYLIB_CURRENT_VERSION = 1;
				DYLIB_INSTALL_NAME_BASE = "@rpath";
				INFOPLIST_FILE = Sources/ResultK/Info.plist;
				INSTALL_PATH = "$(LOCAL_LIBRARY_DIR)/Frameworks";
				LD_RUNPATH_SEARCH_PATHS = (
					"$(inherited)",
					"@executable_path/Frameworks",
					"@loader_path/Frameworks",
				);
				PRODUCT_BUNDLE_IDENTIFIER = org.koherent.ResultK;
				PRODUCT_NAME = "$(TARGET_NAME:c99extidentifier)";
				SKIP_INSTALL = YES;
				SWIFT_VERSION = 4.2;
				TARGETED_DEVICE_FAMILY = "1,2";
			};
			name = Release;
		};
		D6FEC98E219DCFC900453007 /* Debug */ = {
			isa = XCBuildConfiguration;
			buildSettings = {
				ALWAYS_EMBED_SWIFT_STANDARD_LIBRARIES = YES;
				CODE_SIGN_STYLE = Automatic;
				INFOPLIST_FILE = Tests/ResultKTests/Info.plist;
				LD_RUNPATH_SEARCH_PATHS = (
					"$(inherited)",
					"@executable_path/Frameworks",
					"@loader_path/Frameworks",
				);
				PRODUCT_BUNDLE_IDENTIFIER = org.koherent.ResultKTests;
				PRODUCT_NAME = "$(TARGET_NAME)";
				SWIFT_VERSION = 4.2;
				TARGETED_DEVICE_FAMILY = "1,2";
			};
			name = Debug;
		};
		D6FEC98F219DCFC900453007 /* Release */ = {
			isa = XCBuildConfiguration;
			buildSettings = {
				ALWAYS_EMBED_SWIFT_STANDARD_LIBRARIES = YES;
				CODE_SIGN_STYLE = Automatic;
				INFOPLIST_FILE = Tests/ResultKTests/Info.plist;
				LD_RUNPATH_SEARCH_PATHS = (
					"$(inherited)",
					"@executable_path/Frameworks",
					"@loader_path/Frameworks",
				);
				PRODUCT_BUNDLE_IDENTIFIER = org.koherent.ResultKTests;
				PRODUCT_NAME = "$(TARGET_NAME)";
				SWIFT_VERSION = 4.2;
				TARGETED_DEVICE_FAMILY = "1,2";
			};
			name = Release;
		};
/* End XCBuildConfiguration section */

/* Begin XCConfigurationList section */
		D6FEC970219DCFC800453007 /* Build configuration list for PBXProject "ResultK" */ = {
			isa = XCConfigurationList;
			buildConfigurations = (
				D6FEC988219DCFC900453007 /* Debug */,
				D6FEC989219DCFC900453007 /* Release */,
			);
			defaultConfigurationIsVisible = 0;
			defaultConfigurationName = Release;
		};
		D6FEC98A219DCFC900453007 /* Build configuration list for PBXNativeTarget "ResultK" */ = {
			isa = XCConfigurationList;
			buildConfigurations = (
				D6FEC98B219DCFC900453007 /* Debug */,
				D6FEC98C219DCFC900453007 /* Release */,
			);
			defaultConfigurationIsVisible = 0;
			defaultConfigurationName = Release;
		};
		D6FEC98D219DCFC900453007 /* Build configuration list for PBXNativeTarget "ResultKTests" */ = {
			isa = XCConfigurationList;
			buildConfigurations = (
				D6FEC98E219DCFC900453007 /* Debug */,
				D6FEC98F219DCFC900453007 /* Release */,
			);
			defaultConfigurationIsVisible = 0;
			defaultConfigurationName = Release;
		};
/* End XCConfigurationList section */
	};
	rootObject = D6FEC96D219DCFC800453007 /* Project object */;
}
